
Microsoft Visual Studio Solution File, Format Version 12.00
# Visual Studio Version 16
VisualStudioVersion = 16.0.29920.165
MinimumVisualStudioVersion = 10.0.40219.1
Project("{FAE04EC0-301F-11D3-BF4B-00C04F79EFBC}") = "NewsReader.Web", "NewsReader.Web\NewsReader.Web.csproj", "{0CF5E208-7299-43B7-AA3A-7F048777496E}"
EndProject
Project("{FAE04EC0-301F-11D3-BF4B-00C04F79EFBC}") = "NewsReader.Domain", "NewsReader.Domain\NewsReader.Domain.csproj", "{F1B5CC31-721B-45AA-8438-1FED77DAF774}"
EndProject
Project("{FAE04EC0-301F-11D3-BF4B-00C04F79EFBC}") = "NewsReader.Framework", "NewsReader.Framework\NewsReader.Framework.csproj", "{EDBDC901-3B2C-43AB-8DF5-377360152FAE}"
EndProject
Project("{FAE04EC0-301F-11D3-BF4B-00C04F79EFBC}") = "NewsReader.Infrastructure", "NewsReader.Infrastructure\NewsReader.Infrastructure.csproj", "{D153167A-64A4-42C3-A5DC-6FD1ACA34816}"
EndProject
Project("{FAE04EC0-301F-11D3-BF4B-00C04F79EFBC}") = "NewsReader.Test", "NewsReader.Test\NewsReader.Test.csproj", "{345D6936-D93A-4CA0-BE5E-1A00EE71ED3B}"
EndProject
Global
	GlobalSection(SolutionConfigurationPlatforms) = preSolution
		Debug|Any CPU = Debug|Any CPU
		Release|Any CPU = Release|Any CPU
	EndGlobalSection
	GlobalSection(ProjectConfigurationPlatforms) = postSolution
		{0CF5E208-7299-43B7-AA3A-7F048777496E}.Debug|Any CPU.ActiveCfg = Debug|Any CPU
		{0CF5E208-7299-43B7-AA3A-7F048777496E}.Debug|Any CPU.Build.0 = Debug|Any CPU
		{0CF5E208-7299-43B7-AA3A-7F048777496E}.Release|Any CPU.ActiveCfg = Release|Any CPU
		{0CF5E208-7299-43B7-AA3A-7F048777496E}.Release|Any CPU.Build.0 = Release|Any CPU
		{F1B5CC31-721B-45AA-8438-1FED77DAF774}.Debug|Any CPU.ActiveCfg = Debug|Any CPU
		{F1B5CC31-721B-45AA-8438-1FED77DAF774}.Debug|Any CPU.Build.0 = Debug|Any CPU
		{F1B5CC31-721B-45AA-8438-1FED77DAF774}.Release|Any CPU.ActiveCfg = Release|Any CPU
		{F1B5CC31-721B-45AA-8438-1FED77DAF774}.Release|Any CPU.Build.0 = Release|Any CPU
		{EDBDC901-3B2C-43AB-8DF5-377360152FAE}.Debug|Any CPU.ActiveCfg = Debug|Any CPU
		{EDBDC901-3B2C-43AB-8DF5-377360152FAE}.Debug|Any CPU.Build.0 = Debug|Any CPU
		{EDBDC901-3B2C-43AB-8DF5-377360152FAE}.Release|Any CPU.ActiveCfg = Release|Any CPU
		{EDBDC901-3B2C-43AB-8DF5-377360152FAE}.Release|Any CPU.Build.0 = Release|Any CPU
		{D153167A-64A4-42C3-A5DC-6FD1ACA34816}.Debug|Any CPU.ActiveCfg = Debug|Any CPU
		{D153167A-64A4-42C3-A5DC-6FD1ACA34816}.Debug|Any CPU.Build.0 = Debug|Any CPU
		{D153167A-64A4-42C3-A5DC-6FD1ACA34816}.Release|Any CPU.ActiveCfg = Release|Any CPU
		{D153167A-64A4-42C3-A5DC-6FD1ACA34816}.Release|Any CPU.Build.0 = Release|Any CPU
		{345D6936-D93A-4CA0-BE5E-1A00EE71ED3B}.Debug|Any CPU.ActiveCfg = Debug|Any CPU
		{345D6936-D93A-4CA0-BE5E-1A00EE71ED3B}.Debug|Any CPU.Build.0 = Debug|Any CPU
		{345D6936-D93A-4CA0-BE5E-1A00EE71ED3B}.Release|Any CPU.ActiveCfg = Release|Any CPU
		{345D6936-D93A-4CA0-BE5E-1A00EE71ED3B}.Release|Any CPU.Build.0 = Release|Any CPU
	EndGlobalSection
	GlobalSection(SolutionProperties) = preSolution
		HideSolutionNode = FALSE
	EndGlobalSection
	GlobalSection(ExtensibilityGlobals) = postSolution
		SolutionGuid = {36908AA0-3D74-4AF9-8D1B-B6809102C39E}
	EndGlobalSection
EndGlobal
